// !$*UTF8*$!
{
	archiveVersion = 1;
	classes = {
	};
	objectVersion = 50;
	objects = {

/* Begin PBXBuildFile section */
		36E60FE821DD988100EA9754 /* AppDelegate.swift in Sources */ = {isa = PBXBuildFile; fileRef = 36E60FE721DD988100EA9754 /* AppDelegate.swift */; };
		36E60FEA21DD988100EA9754 /* ViewController.swift in Sources */ = {isa = PBXBuildFile; fileRef = 36E60FE921DD988100EA9754 /* ViewController.swift */; };
		36E60FED21DD988100EA9754 /* Main.storyboard in Resources */ = {isa = PBXBuildFile; fileRef = 36E60FEB21DD988100EA9754 /* Main.storyboard */; };
		36E60FEF21DD988500EA9754 /* Assets.xcassets in Resources */ = {isa = PBXBuildFile; fileRef = 36E60FEE21DD988500EA9754 /* Assets.xcassets */; };
		36E60FF221DD988500EA9754 /* LaunchScreen.storyboard in Resources */ = {isa = PBXBuildFile; fileRef = 36E60FF021DD988500EA9754 /* LaunchScreen.storyboard */; };
		36E60FFC21DD99A200EA9754 /* Extension+NSObject.swift in Sources */ = {isa = PBXBuildFile; fileRef = 36E60FFB21DD99A200EA9754 /* Extension+NSObject.swift */; };
		36E6100221DD99EA00EA9754 /* Declarative.swift in Sources */ = {isa = PBXBuildFile; fileRef = 36E6100121DD99EA00EA9754 /* Declarative.swift */; };
		36E6100521DD9A4C00EA9754 /* CardViewController.swift in Sources */ = {isa = PBXBuildFile; fileRef = 36E6100421DD9A4C00EA9754 /* CardViewController.swift */; };
		E42152BBB8063344B852648F /* Pods_CardView.framework in Frameworks */ = {isa = PBXBuildFile; fileRef = 9658C3AFE3D3AF43EDF6743C /* Pods_CardView.framework */; };
/* End PBXBuildFile section */

/* Begin PBXFileReference section */
		02E1393D231448445A8A9E71 /* Pods-CardView.release.xcconfig */ = {isa = PBXFileReference; includeInIndex = 1; lastKnownFileType = text.xcconfig; name = "Pods-CardView.release.xcconfig"; path = "Target Support Files/Pods-CardView/Pods-CardView.release.xcconfig"; sourceTree = "<group>"; };
		36E60FE421DD988100EA9754 /* CardView.app */ = {isa = PBXFileReference; explicitFileType = wrapper.application; includeInIndex = 0; path = CardView.app; sourceTree = BUILT_PRODUCTS_DIR; };
		36E60FE721DD988100EA9754 /* AppDelegate.swift */ = {isa = PBXFileReference; lastKnownFileType = sourcecode.swift; path = AppDelegate.swift; sourceTree = "<group>"; };
		36E60FE921DD988100EA9754 /* ViewController.swift */ = {isa = PBXFileReference; lastKnownFileType = sourcecode.swift; path = ViewController.swift; sourceTree = "<group>"; };
		36E60FEC21DD988100EA9754 /* Base */ = {isa = PBXFileReference; lastKnownFileType = file.storyboard; name = Base; path = Base.lproj/Main.storyboard; sourceTree = "<group>"; };
		36E60FEE21DD988500EA9754 /* Assets.xcassets */ = {isa = PBXFileReference; lastKnownFileType = folder.assetcatalog; path = Assets.xcassets; sourceTree = "<group>"; };
		36E60FF121DD988500EA9754 /* Base */ = {isa = PBXFileReference; lastKnownFileType = file.storyboard; name = Base; path = Base.lproj/LaunchScreen.storyboard; sourceTree = "<group>"; };
		36E60FF321DD988500EA9754 /* Info.plist */ = {isa = PBXFileReference; lastKnownFileType = text.plist.xml; path = Info.plist; sourceTree = "<group>"; };
		36E60FFB21DD99A200EA9754 /* Extension+NSObject.swift */ = {isa = PBXFileReference; lastKnownFileType = sourcecode.swift; path = "Extension+NSObject.swift"; sourceTree = "<group>"; };
		36E6100121DD99EA00EA9754 /* Declarative.swift */ = {isa = PBXFileReference; lastKnownFileType = sourcecode.swift; path = Declarative.swift; sourceTree = "<group>"; };
		36E6100421DD9A4C00EA9754 /* CardViewController.swift */ = {isa = PBXFileReference; lastKnownFileType = sourcecode.swift; path = CardViewController.swift; sourceTree = "<group>"; };
		9076168A3800FEB867846014 /* Pods-CardView.debug.xcconfig */ = {isa = PBXFileReference; includeInIndex = 1; lastKnownFileType = text.xcconfig; name = "Pods-CardView.debug.xcconfig"; path = "Target Support Files/Pods-CardView/Pods-CardView.debug.xcconfig"; sourceTree = "<group>"; };
		9658C3AFE3D3AF43EDF6743C /* Pods_CardView.framework */ = {isa = PBXFileReference; explicitFileType = wrapper.framework; includeInIndex = 0; path = Pods_CardView.framework; sourceTree = BUILT_PRODUCTS_DIR; };
/* End PBXFileReference section */

/* Begin PBXFrameworksBuildPhase section */
		36E60FE121DD988100EA9754 /* Frameworks */ = {
			isa = PBXFrameworksBuildPhase;
			buildActionMask = 2147483647;
			files = (
				E42152BBB8063344B852648F /* Pods_CardView.framework in Frameworks */,
			);
			runOnlyForDeploymentPostprocessing = 0;
		};
/* End PBXFrameworksBuildPhase section */

/* Begin PBXGroup section */
		14CFCACE9337CF12457666E2 /* Pods */ = {
			isa = PBXGroup;
			children = (
				9076168A3800FEB867846014 /* Pods-CardView.debug.xcconfig */,
				02E1393D231448445A8A9E71 /* Pods-CardView.release.xcconfig */,
			);
			path = Pods;
			sourceTree = "<group>";
		};
		36E60FDB21DD988100EA9754 = {
			isa = PBXGroup;
			children = (
				36E60FE621DD988100EA9754 /* CardView */,
				36E60FE521DD988100EA9754 /* Products */,
				14CFCACE9337CF12457666E2 /* Pods */,
				5666BF8769F4DE4CDB533CC9 /* Frameworks */,
			);
			sourceTree = "<group>";
		};
		36E60FE521DD988100EA9754 /* Products */ = {
			isa = PBXGroup;
			children = (
				36E60FE421DD988100EA9754 /* CardView.app */,
			);
			name = Products;
			sourceTree = "<group>";
		};
		36E60FE621DD988100EA9754 /* CardView */ = {
			isa = PBXGroup;
			children = (
				36E60FFE21DD99AF00EA9754 /* Protocol */,
				36E60FFD21DD99AC00EA9754 /* Controller */,
				36E6100321DD99F900EA9754 /* Extension */,
				36E60FE721DD988100EA9754 /* AppDelegate.swift */,
				36E60FEB21DD988100EA9754 /* Main.storyboard */,
				36E60FEE21DD988500EA9754 /* Assets.xcassets */,
				36E60FF021DD988500EA9754 /* LaunchScreen.storyboard */,
				36E60FF321DD988500EA9754 /* Info.plist */,
			);
			path = CardView;
			sourceTree = "<group>";
		};
		36E60FFD21DD99AC00EA9754 /* Controller */ = {
			isa = PBXGroup;
			children = (
				36E60FE921DD988100EA9754 /* ViewController.swift */,
				36E6100421DD9A4C00EA9754 /* CardViewController.swift */,
			);
			path = Controller;
			sourceTree = "<group>";
		};
		36E60FFE21DD99AF00EA9754 /* Protocol */ = {
			isa = PBXGroup;
			children = (
				36E60FFF21DD99C200EA9754 /* Protocol */,
			);
			path = Protocol;
			sourceTree = "<group>";
		};
		36E60FFF21DD99C200EA9754 /* Protocol */ = {
			isa = PBXGroup;
			children = (
				36E6100121DD99EA00EA9754 /* Declarative.swift */,
			);
			path = Protocol;
			sourceTree = "<group>";
		};
		36E6100321DD99F900EA9754 /* Extension */ = {
			isa = PBXGroup;
			children = (
				36E60FFB21DD99A200EA9754 /* Extension+NSObject.swift */,
			);
			path = Extension;
			sourceTree = "<group>";
		};
		5666BF8769F4DE4CDB533CC9 /* Frameworks */ = {
			isa = PBXGroup;
			children = (
				9658C3AFE3D3AF43EDF6743C /* Pods_CardView.framework */,
			);
			name = Frameworks;
			sourceTree = "<group>";
		};
/* End PBXGroup section */

/* Begin PBXNativeTarget section */
		36E60FE321DD988100EA9754 /* CardView */ = {
			isa = PBXNativeTarget;
			buildConfigurationList = 36E60FF621DD988500EA9754 /* Build configuration list for PBXNativeTarget "CardView" */;
			buildPhases = (
				5179B5B1F97741AF29C47061 /* [CP] Check Pods Manifest.lock */,
				36E60FE021DD988100EA9754 /* Sources */,
				36E60FE121DD988100EA9754 /* Frameworks */,
				36E60FE221DD988100EA9754 /* Resources */,
				C882E7CB45330545DC69F2A3 /* [CP] Embed Pods Frameworks */,
			);
			buildRules = (
			);
			dependencies = (
			);
			name = CardView;
			productName = CardView;
			productReference = 36E60FE421DD988100EA9754 /* CardView.app */;
			productType = "com.apple.product-type.application";
		};
/* End PBXNativeTarget section */

/* Begin PBXProject section */
		36E60FDC21DD988100EA9754 /* Project object */ = {
			isa = PBXProject;
			attributes = {
				LastSwiftUpdateCheck = 1010;
				LastUpgradeCheck = 1010;
				ORGANIZATIONNAME = "沈維庭";
				TargetAttributes = {
					36E60FE321DD988100EA9754 = {
						CreatedOnToolsVersion = 10.1;
					};
				};
			};
			buildConfigurationList = 36E60FDF21DD988100EA9754 /* Build configuration list for PBXProject "CardView" */;
			compatibilityVersion = "Xcode 9.3";
			developmentRegion = en;
			hasScannedForEncodings = 0;
			knownRegions = (
				en,
				Base,
			);
			mainGroup = 36E60FDB21DD988100EA9754;
			productRefGroup = 36E60FE521DD988100EA9754 /* Products */;
			projectDirPath = "";
			projectRoot = "";
			targets = (
				36E60FE321DD988100EA9754 /* CardView */,
			);
		};
/* End PBXProject section */

/* Begin PBXResourcesBuildPhase section */
		36E60FE221DD988100EA9754 /* Resources */ = {
			isa = PBXResourcesBuildPhase;
			buildActionMask = 2147483647;
			files = (
				36E60FF221DD988500EA9754 /* LaunchScreen.storyboard in Resources */,
				36E60FEF21DD988500EA9754 /* Assets.xcassets in Resources */,
				36E60FED21DD988100EA9754 /* Main.storyboard in Resources */,
			);
			runOnlyForDeploymentPostprocessing = 0;
		};
/* End PBXResourcesBuildPhase section */

/* Begin PBXShellScriptBuildPhase section */
		5179B5B1F97741AF29C47061 /* [CP] Check Pods Manifest.lock */ = {
			isa = PBXShellScriptBuildPhase;
			buildActionMask = 2147483647;
			files = (
			);
			inputFileListPaths = (
			);
			inputPaths = (
				"${PODS_PODFILE_DIR_PATH}/Podfile.lock",
				"${PODS_ROOT}/Manifest.lock",
			);
			name = "[CP] Check Pods Manifest.lock";
			outputFileListPaths = (
			);
			outputPaths = (
				"$(DERIVED_FILE_DIR)/Pods-CardView-checkManifestLockResult.txt",
			);
			runOnlyForDeploymentPostprocessing = 0;
			shellPath = /bin/sh;
			shellScript = "diff \"${PODS_PODFILE_DIR_PATH}/Podfile.lock\" \"${PODS_ROOT}/Manifest.lock\" > /dev/null\nif [ $? != 0 ] ; then\n    # print error to STDERR\n    echo \"error: The sandbox is not in sync with the Podfile.lock. Run 'pod install' or update your CocoaPods installation.\" >&2\n    exit 1\nfi\n# This output is used by Xcode 'outputs' to avoid re-running this script phase.\necho \"SUCCESS\" > \"${SCRIPT_OUTPUT_FILE_0}\"\n";
			showEnvVarsInLog = 0;
		};
		C882E7CB45330545DC69F2A3 /* [CP] Embed Pods Frameworks */ = {
			isa = PBXShellScriptBuildPhase;
			buildActionMask = 2147483647;
			files = (
			);
			inputFileListPaths = (
			);
			inputPaths = (
				"${PODS_ROOT}/Target Support Files/Pods-CardView/Pods-CardView-frameworks.sh",
				"${BUILT_PRODUCTS_DIR}/SnapKit/SnapKit.framework",
			);
			name = "[CP] Embed Pods Frameworks";
			outputFileListPaths = (
			);
			outputPaths = (
				"${TARGET_BUILD_DIR}/${FRAMEWORKS_FOLDER_PATH}/SnapKit.framework",
			);
			runOnlyForDeploymentPostprocessing = 0;
			shellPath = /bin/sh;
			shellScript = "\"${PODS_ROOT}/Target Support Files/Pods-CardView/Pods-CardView-frameworks.sh\"\n";
			showEnvVarsInLog = 0;
		};
/* End PBXShellScriptBuildPhase section */

/* Begin PBXSourcesBuildPhase section */
		36E60FE021DD988100EA9754 /* Sources */ = {
			isa = PBXSourcesBuildPhase;
			buildActionMask = 2147483647;
			files = (
				36E6100221DD99EA00EA9754 /* Declarative.swift in Sources */,
				36E60FEA21DD988100EA9754 /* ViewController.swift in Sources */,
				36E60FE821DD988100EA9754 /* AppDelegate.swift in Sources */,
				36E6100521DD9A4C00EA9754 /* CardViewController.swift in Sources */,
				36E60FFC21DD99A200EA9754 /* Extension+NSObject.swift in Sources */,
			);
			runOnlyForDeploymentPostprocessing = 0;
		};
/* End PBXSourcesBuildPhase section */

/* Begin PBXVariantGroup section */
		36E60FEB21DD988100EA9754 /* Main.storyboard */ = {
			isa = PBXVariantGroup;
			children = (
				36E60FEC21DD988100EA9754 /* Base */,
			);
			name = Main.storyboard;
			sourceTree = "<group>";
		};
		36E60FF021DD988500EA9754 /* LaunchScreen.storyboard */ = {
			isa = PBXVariantGroup;
			children = (
				36E60FF121DD988500EA9754 /* Base */,
			);
			name = LaunchScreen.storyboard;
			sourceTree = "<group>";
		};
/* End PBXVariantGroup section */

/* Begin XCBuildConfiguration section */
		36E60FF421DD988500EA9754 /* Debug */ = {
			isa = XCBuildConfiguration;
			buildSettings = {
				ALWAYS_SEARCH_USER_PATHS = NO;
				CLANG_ANALYZER_NONNULL = YES;
				CLANG_ANALYZER_NUMBER_OBJECT_CONVERSION = YES_AGGRESSIVE;
				CLANG_CXX_LANGUAGE_STANDARD = "gnu++14";
				CLANG_CXX_LIBRARY = "libc++";
				CLANG_ENABLE_MODULES = YES;
				CLANG_ENABLE_OBJC_ARC = YES;
				CLANG_ENABLE_OBJC_WEAK = YES;
				CLANG_WARN_BLOCK_CAPTURE_AUTORELEASING = YES;
				CLANG_WARN_BOOL_CONVERSION = YES;
				CLANG_WARN_COMMA = YES;
				CLANG_WARN_CONSTANT_CONVERSION = YES;
				CLANG_WARN_DEPRECATED_OBJC_IMPLEMENTATIONS = YES;
				CLANG_WARN_DIRECT_OBJC_ISA_USAGE = YES_ERROR;
				CLANG_WARN_DOCUMENTATION_COMMENTS = YES;
				CLANG_WARN_EMPTY_BODY = YES;
				CLANG_WARN_ENUM_CONVERSION = YES;
				CLANG_WARN_INFINITE_RECURSION = YES;
				CLANG_WARN_INT_CONVERSION = YES;
				CLANG_WARN_NON_LITERAL_NULL_CONVERSION = YES;
				CLANG_WARN_OBJC_IMPLICIT_RETAIN_SELF = YES;
				CLANG_WARN_OBJC_LITERAL_CONVERSION = YES;
				CLANG_WARN_OBJC_ROOT_CLASS = YES_ERROR;
				CLANG_WARN_RANGE_LOOP_ANALYSIS = YES;
				CLANG_WARN_STRICT_PROTOTYPES = YES;
				CLANG_WARN_SUSPICIOUS_MOVE = YES;
				CLANG_WARN_UNGUARDED_AVAILABILITY = YES_AGGRESSIVE;
				CLANG_WARN_UNREACHABLE_CODE = YES;
				CLANG_WARN__DUPLICATE_METHOD_MATCH = YES;
				CODE_SIGN_IDENTITY = "iPhone Developer";
				COPY_PHASE_STRIP = NO;
				DEBUG_INFORMATION_FORMAT = dwarf;
				ENABLE_STRICT_OBJC_MSGSEND = YES;
				ENABLE_TESTABILITY = YES;
				GCC_C_LANGUAGE_STANDARD = gnu11;
				GCC_DYNAMIC_NO_PIC = NO;
				GCC_NO_COMMON_BLOCKS = YES;
				GCC_OPTIMIZATION_LEVEL = 0;
				GCC_PREPROCESSOR_DEFINITIONS = (
					"DEBUG=1",
					"$(inherited)",
				);
				GCC_WARN_64_TO_32_BIT_CONVERSION = YES;
				GCC_WARN_ABOUT_RETURN_TYPE = YES_ERROR;
				GCC_WARN_UNDECLARED_SELECTOR = YES;
				GCC_WARN_UNINITIALIZED_AUTOS = YES_AGGRESSIVE;
				GCC_WARN_UNUSED_FUNCTION = YES;
				GCC_WARN_UNUSED_VARIABLE = YES;
				IPHONEOS_DEPLOYMENT_TARGET = 12.1;
				MTL_ENABLE_DEBUG_INFO = INCLUDE_SOURCE;
				MTL_FAST_MATH = YES;
				ONLY_ACTIVE_ARCH = YES;
				SDKROOT = iphoneos;
				SWIFT_ACTIVE_COMPILATION_CONDITIONS = DEBUG;
				SWIFT_OPTIMIZATION_LEVEL = "-Onone";
			};
			name = Debug;
		};
		36E60FF521DD988500EA9754 /* Release */ = {
			isa = XCBuildConfiguration;
			buildSettings = {
				ALWAYS_SEARCH_USER_PATHS = NO;
				CLANG_ANALYZER_NONNULL = YES;
				CLANG_ANALYZER_NUMBER_OBJECT_CONVERSION = YES_AGGRESSIVE;
				CLANG_CXX_LANGUAGE_STANDARD = "gnu++14";
				CLANG_CXX_LIBRARY = "libc++";
				CLANG_ENABLE_MODULES = YES;
				CLANG_ENABLE_OBJC_ARC = YES;
				CLANG_ENABLE_OBJC_WEAK = YES;
				CLANG_WARN_BLOCK_CAPTURE_AUTORELEASING = YES;
				CLANG_WARN_BOOL_CONVERSION = YES;
				CLANG_WARN_COMMA = YES;
				CLANG_WARN_CONSTANT_CONVERSION = YES;
				CLANG_WARN_DEPRECATED_OBJC_IMPLEMENTATIONS = YES;
				CLANG_WARN_DIRECT_OBJC_ISA_USAGE = YES_ERROR;
				CLANG_WARN_DOCUMENTATION_COMMENTS = YES;
				CLANG_WARN_EMPTY_BODY = YES;
				CLANG_WARN_ENUM_CONVERSION = YES;
				CLANG_WARN_INFINITE_RECURSION = YES;
				CLANG_WARN_INT_CONVERSION = YES;
				CLANG_WARN_NON_LITERAL_NULL_CONVERSION = YES;
				CLANG_WARN_OBJC_IMPLICIT_RETAIN_SELF = YES;
				CLANG_WARN_OBJC_LITERAL_CONVERSION = YES;
				CLANG_WARN_OBJC_ROOT_CLASS = YES_ERROR;
				CLANG_WARN_RANGE_LOOP_ANALYSIS = YES;
				CLANG_WARN_STRICT_PROTOTYPES = YES;
				CLANG_WARN_SUSPICIOUS_MOVE = YES;
				CLANG_WARN_UNGUARDED_AVAILABILITY = YES_AGGRESSIVE;
				CLANG_WARN_UNREACHABLE_CODE = YES;
				CLANG_WARN__DUPLICATE_METHOD_MATCH = YES;
				CODE_SIGN_IDENTITY = "iPhone Developer";
				COPY_PHASE_STRIP = NO;
				DEBUG_INFORMATION_FORMAT = "dwarf-with-dsym";
				ENABLE_NS_ASSERTIONS = NO;
				ENABLE_STRICT_OBJC_MSGSEND = YES;
				GCC_C_LANGUAGE_STANDARD = gnu11;
				GCC_NO_COMMON_BLOCKS = YES;
				GCC_WARN_64_TO_32_BIT_CONVERSION = YES;
				GCC_WARN_ABOUT_RETURN_TYPE = YES_ERROR;
				GCC_WARN_UNDECLARED_SELECTOR = YES;
				GCC_WARN_UNINITIALIZED_AUTOS = YES_AGGRESSIVE;
				GCC_WARN_UNUSED_FUNCTION = YES;
				GCC_WARN_UNUSED_VARIABLE = YES;
				IPHONEOS_DEPLOYMENT_TARGET = 12.1;
				MTL_ENABLE_DEBUG_INFO = NO;
				MTL_FAST_MATH = YES;
				SDKROOT = iphoneos;
				SWIFT_COMPILATION_MODE = wholemodule;
				SWIFT_OPTIMIZATION_LEVEL = "-O";
				VALIDATE_PRODUCT = YES;
			};
			name = Release;
		};
		36E60FF721DD988500EA9754 /* Debug */ = {
			isa = XCBuildConfiguration;
			baseConfigurationReference = 9076168A3800FEB867846014 /* Pods-CardView.debug.xcconfig */;
			buildSettings = {
				ASSETCATALOG_COMPILER_APPICON_NAME = AppIcon;
				CODE_SIGN_STYLE = Automatic;
				INFOPLIST_FILE = CardView/Info.plist;
				LD_RUNPATH_SEARCH_PATHS = (
					"$(inherited)",
					"@executable_path/Frameworks",
				);
				PRODUCT_BUNDLE_IDENTIFIER = com.weiting.CardView;
				PRODUCT_NAME = "$(TARGET_NAME)";
				SWIFT_VERSION = 4.2;
				TARGETED_DEVICE_FAMILY = "1,2";
			};
			name = Debug;
		};
		36E60FF821DD988500EA9754 /* Release */ = {
			isa = XCBuildConfiguration;
			baseConfigurationReference = 02E1393D231448445A8A9E71 /* Pods-CardView.release.xcconfig */;
			buildSettings = {
				ASSETCATALOG_COMPILER_APPICON_NAME = AppIcon;
				CODE_SIGN_STYLE = Automatic;
				INFOPLIST_FILE = CardView/Info.plist;
				LD_RUNPATH_SEARCH_PATHS = (
					"$(inherited)",
					"@executable_path/Frameworks",
				);
				PRODUCT_BUNDLE_IDENTIFIER = com.weiting.CardView;
				PRODUCT_NAME = "$(TARGET_NAME)";
				SWIFT_VERSION = 4.2;
				TARGETED_DEVICE_FAMILY = "1,2";
			};
			name = Release;
		};
/* End XCBuildConfiguration section */

/* Begin XCConfigurationList section */
		36E60FDF21DD988100EA9754 /* Build configuration list for PBXProject "CardView" */ = {
			isa = XCConfigurationList;
			buildConfigurations = (
				36E60FF421DD988500EA9754 /* Debug */,
				36E60FF521DD988500EA9754 /* Release */,
			);
			defaultConfigurationIsVisible = 0;
			defaultConfigurationName = Release;
		};
		36E60FF621DD988500EA9754 /* Build configuration list for PBXNativeTarget "CardView" */ = {
			isa = XCConfigurationList;
			buildConfigurations = (
				36E60FF721DD988500EA9754 /* Debug */,
				36E60FF821DD988500EA9754 /* Release */,
			);
			defaultConfigurationIsVisible = 0;
			defaultConfigurationName = Release;
		};
/* End XCConfigurationList section */
	};
	rootObject = 36E60FDC21DD988100EA9754 /* Project object */;
}
